
Microsoft Visual Studio Solution File, Format Version 12.00
# Visual Studio Version 16
VisualStudioVersion = 16.0.31321.278
MinimumVisualStudioVersion = 10.0.40219.1
Project("{9A19103F-16F7-4668-BE54-9A1E7A4F7556}") = "ShopApp", "ShopApp\ShopApp.csproj", "{B58F0A88-A8F6-48A2-BC23-2D133702A274}"
EndProject
Project("{9A19103F-16F7-4668-BE54-9A1E7A4F7556}") = "ShopAppLibrary", "ShopAppLibrary\ShopAppLibrary.csproj", "{DE407984-61D9-47E9-AA4F-97EC19A88E48}"
EndProject
Project("{FAE04EC0-301F-11D3-BF4B-00C04F79EFBC}") = "UnitTests", "UnitTests\UnitTests.csproj", "{68AAF570-3CA4-400E-A980-A2E29E901152}"
EndProject
Global
	GlobalSection(SolutionConfigurationPlatforms) = preSolution
		Debug|Any CPU = Debug|Any CPU
		Release|Any CPU = Release|Any CPU
	EndGlobalSection
	GlobalSection(ProjectConfigurationPlatforms) = postSolution
		{B58F0A88-A8F6-48A2-BC23-2D133702A274}.Debug|Any CPU.ActiveCfg = Debug|Any CPU
		{B58F0A88-A8F6-48A2-BC23-2D133702A274}.Debug|Any CPU.Build.0 = Debug|Any CPU
		{B58F0A88-A8F6-48A2-BC23-2D133702A274}.Release|Any CPU.ActiveCfg = Release|Any CPU
		{B58F0A88-A8F6-48A2-BC23-2D133702A274}.Release|Any CPU.Build.0 = Release|Any CPU
		{DE407984-61D9-47E9-AA4F-97EC19A88E48}.Debug|Any CPU.ActiveCfg = Debug|Any CPU
		{DE407984-61D9-47E9-AA4F-97EC19A88E48}.Debug|Any CPU.Build.0 = Debug|Any CPU
		{DE407984-61D9-47E9-AA4F-97EC19A88E48}.Release|Any CPU.ActiveCfg = Release|Any CPU
		{DE407984-61D9-47E9-AA4F-97EC19A88E48}.Release|Any CPU.Build.0 = Release|Any CPU
		{68AAF570-3CA4-400E-A980-A2E29E901152}.Debug|Any CPU.ActiveCfg = Debug|Any CPU
		{68AAF570-3CA4-400E-A980-A2E29E901152}.Debug|Any CPU.Build.0 = Debug|Any CPU
		{68AAF570-3CA4-400E-A980-A2E29E901152}.Release|Any CPU.ActiveCfg = Release|Any CPU
		{68AAF570-3CA4-400E-A980-A2E29E901152}.Release|Any CPU.Build.0 = Release|Any CPU
	EndGlobalSection
	GlobalSection(SolutionProperties) = preSolution
		HideSolutionNode = FALSE
	EndGlobalSection
	GlobalSection(ExtensibilityGlobals) = postSolution
		SolutionGuid = {AD34C140-E52C-4EBC-B1F6-0F3A5304545F}
	EndGlobalSection
EndGlobal
